{
  "requires": true,
  "lockfileVersion": 1,
  "dependencies": {
    "@creativebulma/bulma-tagsinput": {
      "version": "1.0.3",
      "resolved": "https://registry.npmjs.org/@creativebulma/bulma-tagsinput/-/bulma-tagsinput-1.0.3.tgz",
      "integrity": "sha512-uQg0KEBcvEmSfwozv2EkFtqai1+pwOgunt3YLlADjRuyKXQePcR3nPW4EDnLMsCt9XlDr4RLu5pcp3XwHIhaOQ=="
    }
  }
}
